
Microsoft Visual Studio Solution File, Format Version 12.00
# Visual Studio Version 17
VisualStudioVersion = 17.10.35013.160
MinimumVisualStudioVersion = 10.0.40219.1
Project("{FAE04EC0-301F-11D3-BF4B-00C04F79EFBC}") = "Zona Geek", "Zona Geek.csproj", "{3206395A-7CB2-49D0-9735-3EFC6608E8AB}"
EndProject
Global
	GlobalSection(SolutionConfigurationPlatforms) = preSolution
		Debug|Any CPU = Debug|Any CPU
		Release|Any CPU = Release|Any CPU
	EndGlobalSection
	GlobalSection(ProjectConfigurationPlatforms) = postSolution
		{3206395A-7CB2-49D0-9735-3EFC6608E8AB}.Debug|Any CPU.ActiveCfg = Debug|Any CPU
		{3206395A-7CB2-49D0-9735-3EFC6608E8AB}.Debug|Any CPU.Build.0 = Debug|Any CPU
		{3206395A-7CB2-49D0-9735-3EFC6608E8AB}.Release|Any CPU.ActiveCfg = Release|Any CPU
		{3206395A-7CB2-49D0-9735-3EFC6608E8AB}.Release|Any CPU.Build.0 = Release|Any CPU
	EndGlobalSection
	GlobalSection(SolutionProperties) = preSolution
		HideSolutionNode = FALSE
	EndGlobalSection
	GlobalSection(ExtensibilityGlobals) = postSolution
		SolutionGuid = {C040A674-8DE8-409D-839D-A23BA4CB3317}
	EndGlobalSection
EndGlobal
